// !$*UTF8*$!
{
	archiveVersion = 1;
	classes = {
	};
	objectVersion = 56;
	objects = {

/* Begin PBXBuildFile section */
		4166E2602C4A912000362EBD /* landmarkData.json in Resources */ = {isa = PBXBuildFile; fileRef = 4166E25F2C4A912000362EBD /* landmarkData.json */; };
		4166E2622C4A915A00362EBD /* Landmark.swift in Sources */ = {isa = PBXBuildFile; fileRef = 4166E2612C4A915A00362EBD /* Landmark.swift */; };
		4166E2642C4A92AB00362EBD /* ModelData.swift in Sources */ = {isa = PBXBuildFile; fileRef = 4166E2632C4A92AB00362EBD /* ModelData.swift */; };
		4166E26A2C4A944100362EBD /* LandmarkRow.swift in Sources */ = {isa = PBXBuildFile; fileRef = 4166E2692C4A944100362EBD /* LandmarkRow.swift */; };
		4166E26C2C4A965B00362EBD /* LandmarkList.swift in Sources */ = {isa = PBXBuildFile; fileRef = 4166E26B2C4A965B00362EBD /* LandmarkList.swift */; };
		4166E26E2C4A98D200362EBD /* LandmarkDetail.swift in Sources */ = {isa = PBXBuildFile; fileRef = 4166E26D2C4A98D200362EBD /* LandmarkDetail.swift */; };
		4166E2702C4BCCD600362EBD /* FavouriteButton.swift in Sources */ = {isa = PBXBuildFile; fileRef = 4166E26F2C4BCCD600362EBD /* FavouriteButton.swift */; };
		41780C912C495B1E00E6133A /* LandmarksApp.swift in Sources */ = {isa = PBXBuildFile; fileRef = 41780C902C495B1E00E6133A /* LandmarksApp.swift */; };
		41780C932C495B1E00E6133A /* ContentView.swift in Sources */ = {isa = PBXBuildFile; fileRef = 41780C922C495B1E00E6133A /* ContentView.swift */; };
		41780C952C495B2000E6133A /* Assets.xcassets in Resources */ = {isa = PBXBuildFile; fileRef = 41780C942C495B2000E6133A /* Assets.xcassets */; };
		41780C982C495B2000E6133A /* Preview Assets.xcassets in Resources */ = {isa = PBXBuildFile; fileRef = 41780C972C495B2000E6133A /* Preview Assets.xcassets */; };
		41780CA22C495B2000E6133A /* LandmarksTests.swift in Sources */ = {isa = PBXBuildFile; fileRef = 41780CA12C495B2000E6133A /* LandmarksTests.swift */; };
		41780CAC2C495B2000E6133A /* LandmarksUITests.swift in Sources */ = {isa = PBXBuildFile; fileRef = 41780CAB2C495B2000E6133A /* LandmarksUITests.swift */; };
		41780CAE2C495B2000E6133A /* LandmarksUITestsLaunchTests.swift in Sources */ = {isa = PBXBuildFile; fileRef = 41780CAD2C495B2000E6133A /* LandmarksUITestsLaunchTests.swift */; };
		41780CBB2C49677300E6133A /* CircleImage.swift in Sources */ = {isa = PBXBuildFile; fileRef = 41780CBA2C49677300E6133A /* CircleImage.swift */; };
		41780CBD2C49680800E6133A /* MapView.swift in Sources */ = {isa = PBXBuildFile; fileRef = 41780CBC2C49680800E6133A /* MapView.swift */; };
/* End PBXBuildFile section */

/* Begin PBXContainerItemProxy section */
		41780C9E2C495B2000E6133A /* PBXContainerItemProxy */ = {
			isa = PBXContainerItemProxy;
			containerPortal = 41780C852C495B1E00E6133A /* Project object */;
			proxyType = 1;
			remoteGlobalIDString = 41780C8C2C495B1E00E6133A;
			remoteInfo = Landmarks;
		};
		41780CA82C495B2000E6133A /* PBXContainerItemProxy */ = {
			isa = PBXContainerItemProxy;
			containerPortal = 41780C852C495B1E00E6133A /* Project object */;
			proxyType = 1;
			remoteGlobalIDString = 41780C8C2C495B1E00E6133A;
			remoteInfo = Landmarks;
		};
/* End PBXContainerItemProxy section */

/* Begin PBXFileReference section */
		4166E25F2C4A912000362EBD /* landmarkData.json */ = {isa = PBXFileReference; fileEncoding = 4; lastKnownFileType = text.json; path = landmarkData.json; sourceTree = "<group>"; };
		4166E2612C4A915A00362EBD /* Landmark.swift */ = {isa = PBXFileReference; lastKnownFileType = sourcecode.swift; path = Landmark.swift; sourceTree = "<group>"; };
		4166E2632C4A92AB00362EBD /* ModelData.swift */ = {isa = PBXFileReference; lastKnownFileType = sourcecode.swift; path = ModelData.swift; sourceTree = "<group>"; };
		4166E2692C4A944100362EBD /* LandmarkRow.swift */ = {isa = PBXFileReference; lastKnownFileType = sourcecode.swift; path = LandmarkRow.swift; sourceTree = "<group>"; };
		4166E26B2C4A965B00362EBD /* LandmarkList.swift */ = {isa = PBXFileReference; lastKnownFileType = sourcecode.swift; path = LandmarkList.swift; sourceTree = "<group>"; };
		4166E26D2C4A98D200362EBD /* LandmarkDetail.swift */ = {isa = PBXFileReference; lastKnownFileType = sourcecode.swift; path = LandmarkDetail.swift; sourceTree = "<group>"; };
		4166E26F2C4BCCD600362EBD /* FavouriteButton.swift */ = {isa = PBXFileReference; lastKnownFileType = sourcecode.swift; path = FavouriteButton.swift; sourceTree = "<group>"; };
		41780C8D2C495B1E00E6133A /* Landmarks.app */ = {isa = PBXFileReference; explicitFileType = wrapper.application; includeInIndex = 0; path = Landmarks.app; sourceTree = BUILT_PRODUCTS_DIR; };
		41780C902C495B1E00E6133A /* LandmarksApp.swift */ = {isa = PBXFileReference; lastKnownFileType = sourcecode.swift; path = LandmarksApp.swift; sourceTree = "<group>"; };
		41780C922C495B1E00E6133A /* ContentView.swift */ = {isa = PBXFileReference; lastKnownFileType = sourcecode.swift; path = ContentView.swift; sourceTree = "<group>"; };
		41780C942C495B2000E6133A /* Assets.xcassets */ = {isa = PBXFileReference; lastKnownFileType = folder.assetcatalog; path = Assets.xcassets; sourceTree = "<group>"; };
		41780C972C495B2000E6133A /* Preview Assets.xcassets */ = {isa = PBXFileReference; lastKnownFileType = folder.assetcatalog; path = "Preview Assets.xcassets"; sourceTree = "<group>"; };
		41780C9D2C495B2000E6133A /* LandmarksTests.xctest */ = {isa = PBXFileReference; explicitFileType = wrapper.cfbundle; includeInIndex = 0; path = LandmarksTests.xctest; sourceTree = BUILT_PRODUCTS_DIR; };
		41780CA12C495B2000E6133A /* LandmarksTests.swift */ = {isa = PBXFileReference; lastKnownFileType = sourcecode.swift; path = LandmarksTests.swift; sourceTree = "<group>"; };
		41780CA72C495B2000E6133A /* LandmarksUITests.xctest */ = {isa = PBXFileReference; explicitFileType = wrapper.cfbundle; includeInIndex = 0; path = LandmarksUITests.xctest; sourceTree = BUILT_PRODUCTS_DIR; };
		41780CAB2C495B2000E6133A /* LandmarksUITests.swift */ = {isa = PBXFileReference; lastKnownFileType = sourcecode.swift; path = LandmarksUITests.swift; sourceTree = "<group>"; };
		41780CAD2C495B2000E6133A /* LandmarksUITestsLaunchTests.swift */ = {isa = PBXFileReference; lastKnownFileType = sourcecode.swift; path = LandmarksUITestsLaunchTests.swift; sourceTree = "<group>"; };
		41780CBA2C49677300E6133A /* CircleImage.swift */ = {isa = PBXFileReference; lastKnownFileType = sourcecode.swift; path = CircleImage.swift; sourceTree = "<group>"; };
		41780CBC2C49680800E6133A /* MapView.swift */ = {isa = PBXFileReference; lastKnownFileType = sourcecode.swift; path = MapView.swift; sourceTree = "<group>"; };
/* End PBXFileReference section */

/* Begin PBXFrameworksBuildPhase section */
		41780C8A2C495B1E00E6133A /* Frameworks */ = {
			isa = PBXFrameworksBuildPhase;
			buildActionMask = 2147483647;
			files = (
			);
			runOnlyForDeploymentPostprocessing = 0;
		};
		41780C9A2C495B2000E6133A /* Frameworks */ = {
			isa = PBXFrameworksBuildPhase;
			buildActionMask = 2147483647;
			files = (
			);
			runOnlyForDeploymentPostprocessing = 0;
		};
		41780CA42C495B2000E6133A /* Frameworks */ = {
			isa = PBXFrameworksBuildPhase;
			buildActionMask = 2147483647;
			files = (
			);
			runOnlyForDeploymentPostprocessing = 0;
		};
/* End PBXFrameworksBuildPhase section */

/* Begin PBXGroup section */
		4166E2662C4A936800362EBD /* Views */ = {
			isa = PBXGroup;
			children = (
				4166E2722C4BD0C600362EBD /* Landmarks */,
				4166E2712C4BD0BC00362EBD /* Helpers */,
				41780C922C495B1E00E6133A /* ContentView.swift */,
			);
			path = Views;
			sourceTree = "<group>";
		};
		4166E2672C4A939F00362EBD /* Resources */ = {
			isa = PBXGroup;
			children = (
				4166E25F2C4A912000362EBD /* landmarkData.json */,
			);
			path = Resources;
			sourceTree = "<group>";
		};
		4166E2682C4A93AC00362EBD /* Model */ = {
			isa = PBXGroup;
			children = (
				4166E2632C4A92AB00362EBD /* ModelData.swift */,
				4166E2612C4A915A00362EBD /* Landmark.swift */,
			);
			path = Model;
			sourceTree = "<group>";
		};
		4166E2712C4BD0BC00362EBD /* Helpers */ = {
			isa = PBXGroup;
			children = (
				41780CBA2C49677300E6133A /* CircleImage.swift */,
				4166E26F2C4BCCD600362EBD /* FavouriteButton.swift */,
				41780CBC2C49680800E6133A /* MapView.swift */,
			);
			path = Helpers;
			sourceTree = "<group>";
		};
		4166E2722C4BD0C600362EBD /* Landmarks */ = {
			isa = PBXGroup;
			children = (
				4166E2692C4A944100362EBD /* LandmarkRow.swift */,
				4166E26B2C4A965B00362EBD /* LandmarkList.swift */,
				4166E26D2C4A98D200362EBD /* LandmarkDetail.swift */,
			);
			path = Landmarks;
			sourceTree = "<group>";
		};
		41780C842C495B1E00E6133A = {
			isa = PBXGroup;
			children = (
				41780C8F2C495B1E00E6133A /* Landmarks */,
				41780CA02C495B2000E6133A /* LandmarksTests */,
				41780CAA2C495B2000E6133A /* LandmarksUITests */,
				41780C8E2C495B1E00E6133A /* Products */,
			);
			sourceTree = "<group>";
		};
		41780C8E2C495B1E00E6133A /* Products */ = {
			isa = PBXGroup;
			children = (
				41780C8D2C495B1E00E6133A /* Landmarks.app */,
				41780C9D2C495B2000E6133A /* LandmarksTests.xctest */,
				41780CA72C495B2000E6133A /* LandmarksUITests.xctest */,
			);
			name = Products;
			sourceTree = "<group>";
		};
		41780C8F2C495B1E00E6133A /* Landmarks */ = {
			isa = PBXGroup;
			children = (
				4166E2682C4A93AC00362EBD /* Model */,
				4166E2672C4A939F00362EBD /* Resources */,
				4166E2662C4A936800362EBD /* Views */,
				41780C902C495B1E00E6133A /* LandmarksApp.swift */,
				41780C942C495B2000E6133A /* Assets.xcassets */,
				41780C962C495B2000E6133A /* Preview Content */,
			);
			path = Landmarks;
			sourceTree = "<group>";
		};
		41780C962C495B2000E6133A /* Preview Content */ = {
			isa = PBXGroup;
			children = (
				41780C972C495B2000E6133A /* Preview Assets.xcassets */,
			);
			path = "Preview Content";
			sourceTree = "<group>";
		};
		41780CA02C495B2000E6133A /* LandmarksTests */ = {
			isa = PBXGroup;
			children = (
				41780CA12C495B2000E6133A /* LandmarksTests.swift */,
			);
			path = LandmarksTests;
			sourceTree = "<group>";
		};
		41780CAA2C495B2000E6133A /* LandmarksUITests */ = {
			isa = PBXGroup;
			children = (
				41780CAB2C495B2000E6133A /* LandmarksUITests.swift */,
				41780CAD2C495B2000E6133A /* LandmarksUITestsLaunchTests.swift */,
			);
			path = LandmarksUITests;
			sourceTree = "<group>";
		};
/* End PBXGroup section */

/* Begin PBXNativeTarget section */
		41780C8C2C495B1E00E6133A /* Landmarks */ = {
			isa = PBXNativeTarget;
			buildConfigurationList = 41780CB12C495B2000E6133A /* Build configuration list for PBXNativeTarget "Landmarks" */;
			buildPhases = (
				41780C892C495B1E00E6133A /* Sources */,
				41780C8A2C495B1E00E6133A /* Frameworks */,
				41780C8B2C495B1E00E6133A /* Resources */,
			);
			buildRules = (
			);
			dependencies = (
			);
			name = Landmarks;
			productName = Landmarks;
			productReference = 41780C8D2C495B1E00E6133A /* Landmarks.app */;
			productType = "com.apple.product-type.application";
		};
		41780C9C2C495B2000E6133A /* LandmarksTests */ = {
			isa = PBXNativeTarget;
			buildConfigurationList = 41780CB42C495B2000E6133A /* Build configuration list for PBXNativeTarget "LandmarksTests" */;
			buildPhases = (
				41780C992C495B2000E6133A /* Sources */,
				41780C9A2C495B2000E6133A /* Frameworks */,
				41780C9B2C495B2000E6133A /* Resources */,
			);
			buildRules = (
			);
			dependencies = (
				41780C9F2C495B2000E6133A /* PBXTargetDependency */,
			);
			name = LandmarksTests;
			productName = LandmarksTests;
			productReference = 41780C9D2C495B2000E6133A /* LandmarksTests.xctest */;
			productType = "com.apple.product-type.bundle.unit-test";
		};
		41780CA62C495B2000E6133A /* LandmarksUITests */ = {
			isa = PBXNativeTarget;
			buildConfigurationList = 41780CB72C495B2000E6133A /* Build configuration list for PBXNativeTarget "LandmarksUITests" */;
			buildPhases = (
				41780CA32C495B2000E6133A /* Sources */,
				41780CA42C495B2000E6133A /* Frameworks */,
				41780CA52C495B2000E6133A /* Resources */,
			);
			buildRules = (
			);
			dependencies = (
				41780CA92C495B2000E6133A /* PBXTargetDependency */,
			);
			name = LandmarksUITests;
			productName = LandmarksUITests;
			productReference = 41780CA72C495B2000E6133A /* LandmarksUITests.xctest */;
			productType = "com.apple.product-type.bundle.ui-testing";
		};
/* End PBXNativeTarget section */

/* Begin PBXProject section */
		41780C852C495B1E00E6133A /* Project object */ = {
			isa = PBXProject;
			attributes = {
				BuildIndependentTargetsInParallel = 1;
				LastSwiftUpdateCheck = 1540;
				LastUpgradeCheck = 1540;
				TargetAttributes = {
					41780C8C2C495B1E00E6133A = {
						CreatedOnToolsVersion = 15.4;
					};
					41780C9C2C495B2000E6133A = {
						CreatedOnToolsVersion = 15.4;
						TestTargetID = 41780C8C2C495B1E00E6133A;
					};
					41780CA62C495B2000E6133A = {
						CreatedOnToolsVersion = 15.4;
						TestTargetID = 41780C8C2C495B1E00E6133A;
					};
				};
			};
			buildConfigurationList = 41780C882C495B1E00E6133A /* Build configuration list for PBXProject "Landmarks" */;
			compatibilityVersion = "Xcode 14.0";
			developmentRegion = en;
			hasScannedForEncodings = 0;
			knownRegions = (
				en,
				Base,
			);
			mainGroup = 41780C842C495B1E00E6133A;
			productRefGroup = 41780C8E2C495B1E00E6133A /* Products */;
			projectDirPath = "";
			projectRoot = "";
			targets = (
				41780C8C2C495B1E00E6133A /* Landmarks */,
				41780C9C2C495B2000E6133A /* LandmarksTests */,
				41780CA62C495B2000E6133A /* LandmarksUITests */,
			);
		};
/* End PBXProject section */

/* Begin PBXResourcesBuildPhase section */
		41780C8B2C495B1E00E6133A /* Resources */ = {
			isa = PBXResourcesBuildPhase;
			buildActionMask = 2147483647;
			files = (
				41780C982C495B2000E6133A /* Preview Assets.xcassets in Resources */,
				41780C952C495B2000E6133A /* Assets.xcassets in Resources */,
				4166E2602C4A912000362EBD /* landmarkData.json in Resources */,
			);
			runOnlyForDeploymentPostprocessing = 0;
		};
		41780C9B2C495B2000E6133A /* Resources */ = {
			isa = PBXResourcesBuildPhase;
			buildActionMask = 2147483647;
			files = (
			);
			runOnlyForDeploymentPostprocessing = 0;
		};
		41780CA52C495B2000E6133A /* Resources */ = {
			isa = PBXResourcesBuildPhase;
			buildActionMask = 2147483647;
			files = (
			);
			runOnlyForDeploymentPostprocessing = 0;
		};
/* End PBXResourcesBuildPhase section */

/* Begin PBXSourcesBuildPhase section */
		41780C892C495B1E00E6133A /* Sources */ = {
			isa = PBXSourcesBuildPhase;
			buildActionMask = 2147483647;
			files = (
				41780C932C495B1E00E6133A /* ContentView.swift in Sources */,
				41780CBD2C49680800E6133A /* MapView.swift in Sources */,
				41780C912C495B1E00E6133A /* LandmarksApp.swift in Sources */,
				4166E26C2C4A965B00362EBD /* LandmarkList.swift in Sources */,
				4166E26E2C4A98D200362EBD /* LandmarkDetail.swift in Sources */,
				4166E2702C4BCCD600362EBD /* FavouriteButton.swift in Sources */,
				41780CBB2C49677300E6133A /* CircleImage.swift in Sources */,
				4166E2622C4A915A00362EBD /* Landmark.swift in Sources */,
				4166E26A2C4A944100362EBD /* LandmarkRow.swift in Sources */,
				4166E2642C4A92AB00362EBD /* ModelData.swift in Sources */,
			);
			runOnlyForDeploymentPostprocessing = 0;
		};
		41780C992C495B2000E6133A /* Sources */ = {
			isa = PBXSourcesBuildPhase;
			buildActionMask = 2147483647;
			files = (
				41780CA22C495B2000E6133A /* LandmarksTests.swift in Sources */,
			);
			runOnlyForDeploymentPostprocessing = 0;
		};
		41780CA32C495B2000E6133A /* Sources */ = {
			isa = PBXSourcesBuildPhase;
			buildActionMask = 2147483647;
			files = (
				41780CAE2C495B2000E6133A /* LandmarksUITestsLaunchTests.swift in Sources */,
				41780CAC2C495B2000E6133A /* LandmarksUITests.swift in Sources */,
			);
			runOnlyForDeploymentPostprocessing = 0;
		};
/* End PBXSourcesBuildPhase section */

/* Begin PBXTargetDependency section */
		41780C9F2C495B2000E6133A /* PBXTargetDependency */ = {
			isa = PBXTargetDependency;
			target = 41780C8C2C495B1E00E6133A /* Landmarks */;
			targetProxy = 41780C9E2C495B2000E6133A /* PBXContainerItemProxy */;
		};
		41780CA92C495B2000E6133A /* PBXTargetDependency */ = {
			isa = PBXTargetDependency;
			target = 41780C8C2C495B1E00E6133A /* Landmarks */;
			targetProxy = 41780CA82C495B2000E6133A /* PBXContainerItemProxy */;
		};
/* End PBXTargetDependency section */

/* Begin XCBuildConfiguration section */
		41780CAF2C495B2000E6133A /* Debug */ = {
			isa = XCBuildConfiguration;
			buildSettings = {
				ALWAYS_SEARCH_USER_PATHS = NO;
				ASSETCATALOG_COMPILER_GENERATE_SWIFT_ASSET_SYMBOL_EXTENSIONS = YES;
				CLANG_ANALYZER_NONNULL = YES;
				CLANG_ANALYZER_NUMBER_OBJECT_CONVERSION = YES_AGGRESSIVE;
				CLANG_CXX_LANGUAGE_STANDARD = "gnu++20";
				CLANG_ENABLE_MODULES = YES;
				CLANG_ENABLE_OBJC_ARC = YES;
				CLANG_ENABLE_OBJC_WEAK = YES;
				CLANG_WARN_BLOCK_CAPTURE_AUTORELEASING = YES;
				CLANG_WARN_BOOL_CONVERSION = YES;
				CLANG_WARN_COMMA = YES;
				CLANG_WARN_CONSTANT_CONVERSION = YES;
				CLANG_WARN_DEPRECATED_OBJC_IMPLEMENTATIONS = YES;
				CLANG_WARN_DIRECT_OBJC_ISA_USAGE = YES_ERROR;
				CLANG_WARN_DOCUMENTATION_COMMENTS = YES;
				CLANG_WARN_EMPTY_BODY = YES;
				CLANG_WARN_ENUM_CONVERSION = YES;
				CLANG_WARN_INFINITE_RECURSION = YES;
				CLANG_WARN_INT_CONVERSION = YES;
				CLANG_WARN_NON_LITERAL_NULL_CONVERSION = YES;
				CLANG_WARN_OBJC_IMPLICIT_RETAIN_SELF = YES;
				CLANG_WARN_OBJC_LITERAL_CONVERSION = YES;
				CLANG_WARN_OBJC_ROOT_CLASS = YES_ERROR;
				CLANG_WARN_QUOTED_INCLUDE_IN_FRAMEWORK_HEADER = YES;
				CLANG_WARN_RANGE_LOOP_ANALYSIS = YES;
				CLANG_WARN_STRICT_PROTOTYPES = YES;
				CLANG_WARN_SUSPICIOUS_MOVE = YES;
				CLANG_WARN_UNGUARDED_AVAILABILITY = YES_AGGRESSIVE;
				CLANG_WARN_UNREACHABLE_CODE = YES;
				CLANG_WARN__DUPLICATE_METHOD_MATCH = YES;
				COPY_PHASE_STRIP = NO;
				DEBUG_INFORMATION_FORMAT = dwarf;
				ENABLE_STRICT_OBJC_MSGSEND = YES;
				ENABLE_TESTABILITY = YES;
				ENABLE_USER_SCRIPT_SANDBOXING = YES;
				GCC_C_LANGUAGE_STANDARD = gnu17;
				GCC_DYNAMIC_NO_PIC = NO;
				GCC_NO_COMMON_BLOCKS = YES;
				GCC_OPTIMIZATION_LEVEL = 0;
				GCC_PREPROCESSOR_DEFINITIONS = (
					"DEBUG=1",
					"$(inherited)",
				);
				GCC_WARN_64_TO_32_BIT_CONVERSION = YES;
				GCC_WARN_ABOUT_RETURN_TYPE = YES_ERROR;
				GCC_WARN_UNDECLARED_SELECTOR = YES;
				GCC_WARN_UNINITIALIZED_AUTOS = YES_AGGRESSIVE;
				GCC_WARN_UNUSED_FUNCTION = YES;
				GCC_WARN_UNUSED_VARIABLE = YES;
				IPHONEOS_DEPLOYMENT_TARGET = 17.5;
				LOCALIZATION_PREFERS_STRING_CATALOGS = YES;
				MTL_ENABLE_DEBUG_INFO = INCLUDE_SOURCE;
				MTL_FAST_MATH = YES;
				ONLY_ACTIVE_ARCH = YES;
				SDKROOT = iphoneos;
				SWIFT_ACTIVE_COMPILATION_CONDITIONS = "DEBUG $(inherited)";
				SWIFT_OPTIMIZATION_LEVEL = "-Onone";
			};
			name = Debug;
		};
		41780CB02C495B2000E6133A /* Release */ = {
			isa = XCBuildConfiguration;
			buildSettings = {
				ALWAYS_SEARCH_USER_PATHS = NO;
				ASSETCATALOG_COMPILER_GENERATE_SWIFT_ASSET_SYMBOL_EXTENSIONS = YES;
				CLANG_ANALYZER_NONNULL = YES;
				CLANG_ANALYZER_NUMBER_OBJECT_CONVERSION = YES_AGGRESSIVE;
				CLANG_CXX_LANGUAGE_STANDARD = "gnu++20";
				CLANG_ENABLE_MODULES = YES;
				CLANG_ENABLE_OBJC_ARC = YES;
				CLANG_ENABLE_OBJC_WEAK = YES;
				CLANG_WARN_BLOCK_CAPTURE_AUTORELEASING = YES;
				CLANG_WARN_BOOL_CONVERSION = YES;
				CLANG_WARN_COMMA = YES;
				CLANG_WARN_CONSTANT_CONVERSION = YES;
				CLANG_WARN_DEPRECATED_OBJC_IMPLEMENTATIONS = YES;
				CLANG_WARN_DIRECT_OBJC_ISA_USAGE = YES_ERROR;
				CLANG_WARN_DOCUMENTATION_COMMENTS = YES;
				CLANG_WARN_EMPTY_BODY = YES;
				CLANG_WARN_ENUM_CONVERSION = YES;
				CLANG_WARN_INFINITE_RECURSION = YES;
				CLANG_WARN_INT_CONVERSION = YES;
				CLANG_WARN_NON_LITERAL_NULL_CONVERSION = YES;
				CLANG_WARN_OBJC_IMPLICIT_RETAIN_SELF = YES;
				CLANG_WARN_OBJC_LITERAL_CONVERSION = YES;
				CLANG_WARN_OBJC_ROOT_CLASS = YES_ERROR;
				CLANG_WARN_QUOTED_INCLUDE_IN_FRAMEWORK_HEADER = YES;
				CLANG_WARN_RANGE_LOOP_ANALYSIS = YES;
				CLANG_WARN_STRICT_PROTOTYPES = YES;
				CLANG_WARN_SUSPICIOUS_MOVE = YES;
				CLANG_WARN_UNGUARDED_AVAILABILITY = YES_AGGRESSIVE;
				CLANG_WARN_UNREACHABLE_CODE = YES;
				CLANG_WARN__DUPLICATE_METHOD_MATCH = YES;
				COPY_PHASE_STRIP = NO;
				DEBUG_INFORMATION_FORMAT = "dwarf-with-dsym";
				ENABLE_NS_ASSERTIONS = NO;
				ENABLE_STRICT_OBJC_MSGSEND = YES;
				ENABLE_USER_SCRIPT_SANDBOXING = YES;
				GCC_C_LANGUAGE_STANDARD = gnu17;
				GCC_NO_COMMON_BLOCKS = YES;
				GCC_WARN_64_TO_32_BIT_CONVERSION = YES;
				GCC_WARN_ABOUT_RETURN_TYPE = YES_ERROR;
				GCC_WARN_UNDECLARED_SELECTOR = YES;
				GCC_WARN_UNINITIALIZED_AUTOS = YES_AGGRESSIVE;
				GCC_WARN_UNUSED_FUNCTION = YES;
				GCC_WARN_UNUSED_VARIABLE = YES;
				IPHONEOS_DEPLOYMENT_TARGET = 17.5;
				LOCALIZATION_PREFERS_STRING_CATALOGS = YES;
				MTL_ENABLE_DEBUG_INFO = NO;
				MTL_FAST_MATH = YES;
				SDKROOT = iphoneos;
				SWIFT_COMPILATION_MODE = wholemodule;
				VALIDATE_PRODUCT = YES;
			};
			name = Release;
		};
		41780CB22C495B2000E6133A /* Debug */ = {
			isa = XCBuildConfiguration;
			buildSettings = {
				ASSETCATALOG_COMPILER_APPICON_NAME = AppIcon;
				ASSETCATALOG_COMPILER_GLOBAL_ACCENT_COLOR_NAME = AccentColor;
				CODE_SIGN_STYLE = Automatic;
				CURRENT_PROJECT_VERSION = 1;
				DEVELOPMENT_ASSET_PATHS = "\"Landmarks/Preview Content\"";
				ENABLE_PREVIEWS = YES;
				GENERATE_INFOPLIST_FILE = YES;
				INFOPLIST_KEY_UIApplicationSceneManifest_Generation = YES;
				INFOPLIST_KEY_UIApplicationSupportsIndirectInputEvents = YES;
				INFOPLIST_KEY_UILaunchScreen_Generation = YES;
				INFOPLIST_KEY_UISupportedInterfaceOrientations_iPad = "UIInterfaceOrientationPortrait UIInterfaceOrientationPortraitUpsideDown UIInterfaceOrientationLandscapeLeft UIInterfaceOrientationLandscapeRight";
				INFOPLIST_KEY_UISupportedInterfaceOrientations_iPhone = "UIInterfaceOrientationPortrait UIInterfaceOrientationLandscapeLeft UIInterfaceOrientationLandscapeRight";
				LD_RUNPATH_SEARCH_PATHS = (
					"$(inherited)",
					"@executable_path/Frameworks",
				);
				MARKETING_VERSION = 1.0;
				PRODUCT_BUNDLE_IDENTIFIER = "com.example.apple-samplecode.Landmarks";
				PRODUCT_NAME = "$(TARGET_NAME)";
				SWIFT_EMIT_LOC_STRINGS = YES;
				SWIFT_VERSION = 5.0;
				TARGETED_DEVICE_FAMILY = "1,2";
			};
			name = Debug;
		};
		41780CB32C495B2000E6133A /* Release */ = {
			isa = XCBuildConfiguration;
			buildSettings = {
				ASSETCATALOG_COMPILER_APPICON_NAME = AppIcon;
				ASSETCATALOG_COMPILER_GLOBAL_ACCENT_COLOR_NAME = AccentColor;
				CODE_SIGN_STYLE = Automatic;
				CURRENT_PROJECT_VERSION = 1;
				DEVELOPMENT_ASSET_PATHS = "\"Landmarks/Preview Content\"";
				ENABLE_PREVIEWS = YES;
				GENERATE_INFOPLIST_FILE = YES;
				INFOPLIST_KEY_UIApplicationSceneManifest_Generation = YES;
				INFOPLIST_KEY_UIApplicationSupportsIndirectInputEvents = YES;
				INFOPLIST_KEY_UILaunchScreen_Generation = YES;
				INFOPLIST_KEY_UISupportedInterfaceOrientations_iPad = "UIInterfaceOrientationPortrait UIInterfaceOrientationPortraitUpsideDown UIInterfaceOrientationLandscapeLeft UIInterfaceOrientationLandscapeRight";
				INFOPLIST_KEY_UISupportedInterfaceOrientations_iPhone = "UIInterfaceOrientationPortrait UIInterfaceOrientationLandscapeLeft UIInterfaceOrientationLandscapeRight";
				LD_RUNPATH_SEARCH_PATHS = (
					"$(inherited)",
					"@executable_path/Frameworks",
				);
				MARKETING_VERSION = 1.0;
				PRODUCT_BUNDLE_IDENTIFIER = "com.example.apple-samplecode.Landmarks";
				PRODUCT_NAME = "$(TARGET_NAME)";
				SWIFT_EMIT_LOC_STRINGS = YES;
				SWIFT_VERSION = 5.0;
				TARGETED_DEVICE_FAMILY = "1,2";
			};
			name = Release;
		};
		41780CB52C495B2000E6133A /* Debug */ = {
			isa = XCBuildConfiguration;
			buildSettings = {
				ALWAYS_EMBED_SWIFT_STANDARD_LIBRARIES = YES;
				BUNDLE_LOADER = "$(TEST_HOST)";
				CODE_SIGN_STYLE = Automatic;
				CURRENT_PROJECT_VERSION = 1;
				GENERATE_INFOPLIST_FILE = YES;
				IPHONEOS_DEPLOYMENT_TARGET = 17.5;
				MARKETING_VERSION = 1.0;
				PRODUCT_BUNDLE_IDENTIFIER = "com.example.apple-samplecode.LandmarksTests";
				PRODUCT_NAME = "$(TARGET_NAME)";
				SWIFT_EMIT_LOC_STRINGS = NO;
				SWIFT_VERSION = 5.0;
				TARGETED_DEVICE_FAMILY = "1,2";
				TEST_HOST = "$(BUILT_PRODUCTS_DIR)/Landmarks.app/$(BUNDLE_EXECUTABLE_FOLDER_PATH)/Landmarks";
			};
			name = Debug;
		};
		41780CB62C495B2000E6133A /* Release */ = {
			isa = XCBuildConfiguration;
			buildSettings = {
				ALWAYS_EMBED_SWIFT_STANDARD_LIBRARIES = YES;
				BUNDLE_LOADER = "$(TEST_HOST)";
				CODE_SIGN_STYLE = Automatic;
				CURRENT_PROJECT_VERSION = 1;
				GENERATE_INFOPLIST_FILE = YES;
				IPHONEOS_DEPLOYMENT_TARGET = 17.5;
				MARKETING_VERSION = 1.0;
				PRODUCT_BUNDLE_IDENTIFIER = "com.example.apple-samplecode.LandmarksTests";
				PRODUCT_NAME = "$(TARGET_NAME)";
				SWIFT_EMIT_LOC_STRINGS = NO;
				SWIFT_VERSION = 5.0;
				TARGETED_DEVICE_FAMILY = "1,2";
				TEST_HOST = "$(BUILT_PRODUCTS_DIR)/Landmarks.app/$(BUNDLE_EXECUTABLE_FOLDER_PATH)/Landmarks";
			};
			name = Release;
		};
		41780CB82C495B2000E6133A /* Debug */ = {
			isa = XCBuildConfiguration;
			buildSettings = {
				ALWAYS_EMBED_SWIFT_STANDARD_LIBRARIES = YES;
				CODE_SIGN_STYLE = Automatic;
				CURRENT_PROJECT_VERSION = 1;
				GENERATE_INFOPLIST_FILE = YES;
				MARKETING_VERSION = 1.0;
				PRODUCT_BUNDLE_IDENTIFIER = "com.example.apple-samplecode.LandmarksUITests";
				PRODUCT_NAME = "$(TARGET_NAME)";
				SWIFT_EMIT_LOC_STRINGS = NO;
				SWIFT_VERSION = 5.0;
				TARGETED_DEVICE_FAMILY = "1,2";
				TEST_TARGET_NAME = Landmarks;
			};
			name = Debug;
		};
		41780CB92C495B2000E6133A /* Release */ = {
			isa = XCBuildConfiguration;
			buildSettings = {
				ALWAYS_EMBED_SWIFT_STANDARD_LIBRARIES = YES;
				CODE_SIGN_STYLE = Automatic;
				CURRENT_PROJECT_VERSION = 1;
				GENERATE_INFOPLIST_FILE = YES;
				MARKETING_VERSION = 1.0;
				PRODUCT_BUNDLE_IDENTIFIER = "com.example.apple-samplecode.LandmarksUITests";
				PRODUCT_NAME = "$(TARGET_NAME)";
				SWIFT_EMIT_LOC_STRINGS = NO;
				SWIFT_VERSION = 5.0;
				TARGETED_DEVICE_FAMILY = "1,2";
				TEST_TARGET_NAME = Landmarks;
			};
			name = Release;
		};
/* End XCBuildConfiguration section */

/* Begin XCConfigurationList section */
		41780C882C495B1E00E6133A /* Build configuration list for PBXProject "Landmarks" */ = {
			isa = XCConfigurationList;
			buildConfigurations = (
				41780CAF2C495B2000E6133A /* Debug */,
				41780CB02C495B2000E6133A /* Release */,
			);
			defaultConfigurationIsVisible = 0;
			defaultConfigurationName = Release;
		};
		41780CB12C495B2000E6133A /* Build configuration list for PBXNativeTarget "Landmarks" */ = {
			isa = XCConfigurationList;
			buildConfigurations = (
				41780CB22C495B2000E6133A /* Debug */,
				41780CB32C495B2000E6133A /* Release */,
			);
			defaultConfigurationIsVisible = 0;
			defaultConfigurationName = Release;
		};
		41780CB42C495B2000E6133A /* Build configuration list for PBXNativeTarget "LandmarksTests" */ = {
			isa = XCConfigurationList;
			buildConfigurations = (
				41780CB52C495B2000E6133A /* Debug */,
				41780CB62C495B2000E6133A /* Release */,
			);
			defaultConfigurationIsVisible = 0;
			defaultConfigurationName = Release;
		};
		41780CB72C495B2000E6133A /* Build configuration list for PBXNativeTarget "LandmarksUITests" */ = {
			isa = XCConfigurationList;
			buildConfigurations = (
				41780CB82C495B2000E6133A /* Debug */,
				41780CB92C495B2000E6133A /* Release */,
			);
			defaultConfigurationIsVisible = 0;
			defaultConfigurationName = Release;
		};
/* End XCConfigurationList section */
	};
	rootObject = 41780C852C495B1E00E6133A /* Project object */;
}
